// !$*UTF8*$!
{
	archiveVersion = 1;
	classes = {
	};
	objectVersion = 55;
	objects = {

/* Begin PBXBuildFile section */
		0307269927C52610005BBC57 /* AppDelegate.swift in Sources */ = {isa = PBXBuildFile; fileRef = 0307269827C52610005BBC57 /* AppDelegate.swift */; };
		0307269B27C52610005BBC57 /* SceneDelegate.swift in Sources */ = {isa = PBXBuildFile; fileRef = 0307269A27C52610005BBC57 /* SceneDelegate.swift */; };
		0307269D27C52610005BBC57 /* ViewController.swift in Sources */ = {isa = PBXBuildFile; fileRef = 0307269C27C52610005BBC57 /* ViewController.swift */; };
		030726A027C52610005BBC57 /* Main.storyboard in Resources */ = {isa = PBXBuildFile; fileRef = 0307269E27C52610005BBC57 /* Main.storyboard */; };
		030726A227C52612005BBC57 /* Assets.xcassets in Resources */ = {isa = PBXBuildFile; fileRef = 030726A127C52612005BBC57 /* Assets.xcassets */; };
		030726A527C52612005BBC57 /* LaunchScreen.storyboard in Resources */ = {isa = PBXBuildFile; fileRef = 030726A327C52612005BBC57 /* LaunchScreen.storyboard */; };
		030726B327C5E580005BBC57 /* UIView+Border.swift in Sources */ = {isa = PBXBuildFile; fileRef = 030726B227C5E580005BBC57 /* UIView+Border.swift */; };
		030726B527C5F126005BBC57 /* TableViewCell.swift in Sources */ = {isa = PBXBuildFile; fileRef = 030726B427C5F126005BBC57 /* TableViewCell.swift */; };
		030726B727C5F333005BBC57 /* art.scnassets in Resources */ = {isa = PBXBuildFile; fileRef = 030726B627C5F333005BBC57 /* art.scnassets */; };
		B65F416427E3AB0400644A4F /* ARManager.xcframework in Frameworks */ = {isa = PBXBuildFile; fileRef = B65F416327E3AB0400644A4F /* ARManager.xcframework */; };
		B65F416527E3AB0400644A4F /* ARManager.xcframework in Embed Frameworks */ = {isa = PBXBuildFile; fileRef = B65F416327E3AB0400644A4F /* ARManager.xcframework */; settings = {ATTRIBUTES = (CodeSignOnCopy, RemoveHeadersOnCopy, ); }; };
/* End PBXBuildFile section */

/* Begin PBXCopyFilesBuildPhase section */
		B65F416627E3AB0400644A4F /* Embed Frameworks */ = {
			isa = PBXCopyFilesBuildPhase;
			buildActionMask = 2147483647;
			dstPath = "";
			dstSubfolderSpec = 10;
			files = (
				B65F416527E3AB0400644A4F /* ARManager.xcframework in Embed Frameworks */,
			);
			name = "Embed Frameworks";
			runOnlyForDeploymentPostprocessing = 0;
		};
/* End PBXCopyFilesBuildPhase section */

/* Begin PBXFileReference section */
		0307269527C52610005BBC57 /* ARTask.app */ = {isa = PBXFileReference; explicitFileType = wrapper.application; includeInIndex = 0; path = ARTask.app; sourceTree = BUILT_PRODUCTS_DIR; };
		0307269827C52610005BBC57 /* AppDelegate.swift */ = {isa = PBXFileReference; lastKnownFileType = sourcecode.swift; path = AppDelegate.swift; sourceTree = "<group>"; };
		0307269A27C52610005BBC57 /* SceneDelegate.swift */ = {isa = PBXFileReference; lastKnownFileType = sourcecode.swift; path = SceneDelegate.swift; sourceTree = "<group>"; };
		0307269C27C52610005BBC57 /* ViewController.swift */ = {isa = PBXFileReference; lastKnownFileType = sourcecode.swift; path = ViewController.swift; sourceTree = "<group>"; };
		0307269F27C52610005BBC57 /* Base */ = {isa = PBXFileReference; lastKnownFileType = file.storyboard; name = Base; path = Base.lproj/Main.storyboard; sourceTree = "<group>"; };
		030726A127C52612005BBC57 /* Assets.xcassets */ = {isa = PBXFileReference; lastKnownFileType = folder.assetcatalog; path = Assets.xcassets; sourceTree = "<group>"; };
		030726A427C52612005BBC57 /* Base */ = {isa = PBXFileReference; lastKnownFileType = file.storyboard; name = Base; path = Base.lproj/LaunchScreen.storyboard; sourceTree = "<group>"; };
		030726A627C52612005BBC57 /* Info.plist */ = {isa = PBXFileReference; lastKnownFileType = text.plist.xml; path = Info.plist; sourceTree = "<group>"; };
		030726B227C5E580005BBC57 /* UIView+Border.swift */ = {isa = PBXFileReference; fileEncoding = 4; lastKnownFileType = sourcecode.swift; path = "UIView+Border.swift"; sourceTree = "<group>"; };
		030726B427C5F126005BBC57 /* TableViewCell.swift */ = {isa = PBXFileReference; lastKnownFileType = sourcecode.swift; path = TableViewCell.swift; sourceTree = "<group>"; };
		030726B627C5F333005BBC57 /* art.scnassets */ = {isa = PBXFileReference; lastKnownFileType = wrapper.scnassets; path = art.scnassets; sourceTree = "<group>"; };
		B65F416327E3AB0400644A4F /* ARManager.xcframework */ = {isa = PBXFileReference; lastKnownFileType = wrapper.xcframework; path = ARManager.xcframework; sourceTree = "<group>"; };
/* End PBXFileReference section */

/* Begin PBXFrameworksBuildPhase section */
		0307269227C52610005BBC57 /* Frameworks */ = {
			isa = PBXFrameworksBuildPhase;
			buildActionMask = 2147483647;
			files = (
				B65F416427E3AB0400644A4F /* ARManager.xcframework in Frameworks */,
			);
			runOnlyForDeploymentPostprocessing = 0;
		};
/* End PBXFrameworksBuildPhase section */

/* Begin PBXGroup section */
		0307268C27C52610005BBC57 = {
			isa = PBXGroup;
			children = (
				0307269727C52610005BBC57 /* ARTask */,
				0307269627C52610005BBC57 /* Products */,
				034E8E0A27DAAE25000BFE44 /* Frameworks */,
			);
			sourceTree = "<group>";
		};
		0307269627C52610005BBC57 /* Products */ = {
			isa = PBXGroup;
			children = (
				0307269527C52610005BBC57 /* ARTask.app */,
			);
			name = Products;
			sourceTree = "<group>";
		};
		0307269727C52610005BBC57 /* ARTask */ = {
			isa = PBXGroup;
			children = (
				030726B627C5F333005BBC57 /* art.scnassets */,
				030726AF27C52729005BBC57 /* AppDelegate+SceneDelegate */,
				0307269C27C52610005BBC57 /* ViewController.swift */,
				030726B427C5F126005BBC57 /* TableViewCell.swift */,
				030726B227C5E580005BBC57 /* UIView+Border.swift */,
				0307269E27C52610005BBC57 /* Main.storyboard */,
				030726A127C52612005BBC57 /* Assets.xcassets */,
				030726A327C52612005BBC57 /* LaunchScreen.storyboard */,
				030726A627C52612005BBC57 /* Info.plist */,
			);
			path = ARTask;
			sourceTree = "<group>";
		};
		030726AF27C52729005BBC57 /* AppDelegate+SceneDelegate */ = {
			isa = PBXGroup;
			children = (
				0307269827C52610005BBC57 /* AppDelegate.swift */,
				0307269A27C52610005BBC57 /* SceneDelegate.swift */,
			);
			path = "AppDelegate+SceneDelegate";
			sourceTree = "<group>";
		};
		034E8E0A27DAAE25000BFE44 /* Frameworks */ = {
			isa = PBXGroup;
			children = (
				B65F416327E3AB0400644A4F /* ARManager.xcframework */,
			);
			name = Frameworks;
			sourceTree = "<group>";
		};
/* End PBXGroup section */

/* Begin PBXNativeTarget section */
		0307269427C52610005BBC57 /* ARTask */ = {
			isa = PBXNativeTarget;
			buildConfigurationList = 030726A927C52612005BBC57 /* Build configuration list for PBXNativeTarget "ARTask" */;
			buildPhases = (
				0307269127C52610005BBC57 /* Sources */,
				0307269227C52610005BBC57 /* Frameworks */,
				0307269327C52610005BBC57 /* Resources */,
				B65F416627E3AB0400644A4F /* Embed Frameworks */,
			);
			buildRules = (
			);
			dependencies = (
			);
			name = ARTask;
			productName = ARTask;
			productReference = 0307269527C52610005BBC57 /* ARTask.app */;
			productType = "com.apple.product-type.application";
		};
/* End PBXNativeTarget section */

/* Begin PBXProject section */
		0307268D27C52610005BBC57 /* Project object */ = {
			isa = PBXProject;
			attributes = {
				BuildIndependentTargetsInParallel = 1;
				LastSwiftUpdateCheck = 1320;
				LastUpgradeCheck = 1320;
				TargetAttributes = {
					0307269427C52610005BBC57 = {
						CreatedOnToolsVersion = 13.2.1;
					};
				};
			};
			buildConfigurationList = 0307269027C52610005BBC57 /* Build configuration list for PBXProject "ARTask" */;
			compatibilityVersion = "Xcode 13.0";
			developmentRegion = en;
			hasScannedForEncodings = 0;
			knownRegions = (
				en,
				Base,
			);
			mainGroup = 0307268C27C52610005BBC57;
			productRefGroup = 0307269627C52610005BBC57 /* Products */;
			projectDirPath = "";
			projectRoot = "";
			targets = (
				0307269427C52610005BBC57 /* ARTask */,
			);
		};
/* End PBXProject section */

/* Begin PBXResourcesBuildPhase section */
		0307269327C52610005BBC57 /* Resources */ = {
			isa = PBXResourcesBuildPhase;
			buildActionMask = 2147483647;
			files = (
				030726A527C52612005BBC57 /* LaunchScreen.storyboard in Resources */,
				030726B727C5F333005BBC57 /* art.scnassets in Resources */,
				030726A227C52612005BBC57 /* Assets.xcassets in Resources */,
				030726A027C52610005BBC57 /* Main.storyboard in Resources */,
			);
			runOnlyForDeploymentPostprocessing = 0;
		};
/* End PBXResourcesBuildPhase section */

/* Begin PBXSourcesBuildPhase section */
		0307269127C52610005BBC57 /* Sources */ = {
			isa = PBXSourcesBuildPhase;
			buildActionMask = 2147483647;
			files = (
				0307269D27C52610005BBC57 /* ViewController.swift in Sources */,
				030726B327C5E580005BBC57 /* UIView+Border.swift in Sources */,
				0307269927C52610005BBC57 /* AppDelegate.swift in Sources */,
				030726B527C5F126005BBC57 /* TableViewCell.swift in Sources */,
				0307269B27C52610005BBC57 /* SceneDelegate.swift in Sources */,
			);
			runOnlyForDeploymentPostprocessing = 0;
		};
/* End PBXSourcesBuildPhase section */

/* Begin PBXVariantGroup section */
		0307269E27C52610005BBC57 /* Main.storyboard */ = {
			isa = PBXVariantGroup;
			children = (
				0307269F27C52610005BBC57 /* Base */,
			);
			name = Main.storyboard;
			sourceTree = "<group>";
		};
		030726A327C52612005BBC57 /* LaunchScreen.storyboard */ = {
			isa = PBXVariantGroup;
			children = (
				030726A427C52612005BBC57 /* Base */,
			);
			name = LaunchScreen.storyboard;
			sourceTree = "<group>";
		};
/* End PBXVariantGroup section */

/* Begin XCBuildConfiguration section */
		030726A727C52612005BBC57 /* Debug */ = {
			isa = XCBuildConfiguration;
			buildSettings = {
				ALWAYS_SEARCH_USER_PATHS = NO;
				CLANG_ANALYZER_NONNULL = YES;
				CLANG_ANALYZER_NUMBER_OBJECT_CONVERSION = YES_AGGRESSIVE;
				CLANG_CXX_LANGUAGE_STANDARD = "gnu++17";
				CLANG_CXX_LIBRARY = "libc++";
				CLANG_ENABLE_MODULES = YES;
				CLANG_ENABLE_OBJC_ARC = YES;
				CLANG_ENABLE_OBJC_WEAK = YES;
				CLANG_WARN_BLOCK_CAPTURE_AUTORELEASING = YES;
				CLANG_WARN_BOOL_CONVERSION = YES;
				CLANG_WARN_COMMA = YES;
				CLANG_WARN_CONSTANT_CONVERSION = YES;
				CLANG_WARN_DEPRECATED_OBJC_IMPLEMENTATIONS = YES;
				CLANG_WARN_DIRECT_OBJC_ISA_USAGE = YES_ERROR;
				CLANG_WARN_DOCUMENTATION_COMMENTS = YES;
				CLANG_WARN_EMPTY_BODY = YES;
				CLANG_WARN_ENUM_CONVERSION = YES;
				CLANG_WARN_INFINITE_RECURSION = YES;
				CLANG_WARN_INT_CONVERSION = YES;
				CLANG_WARN_NON_LITERAL_NULL_CONVERSION = YES;
				CLANG_WARN_OBJC_IMPLICIT_RETAIN_SELF = YES;
				CLANG_WARN_OBJC_LITERAL_CONVERSION = YES;
				CLANG_WARN_OBJC_ROOT_CLASS = YES_ERROR;
				CLANG_WARN_QUOTED_INCLUDE_IN_FRAMEWORK_HEADER = YES;
				CLANG_WARN_RANGE_LOOP_ANALYSIS = YES;
				CLANG_WARN_STRICT_PROTOTYPES = YES;
				CLANG_WARN_SUSPICIOUS_MOVE = YES;
				CLANG_WARN_UNGUARDED_AVAILABILITY = YES_AGGRESSIVE;
				CLANG_WARN_UNREACHABLE_CODE = YES;
				CLANG_WARN__DUPLICATE_METHOD_MATCH = YES;
				COPY_PHASE_STRIP = NO;
				DEBUG_INFORMATION_FORMAT = dwarf;
				ENABLE_STRICT_OBJC_MSGSEND = YES;
				ENABLE_TESTABILITY = YES;
				GCC_C_LANGUAGE_STANDARD = gnu11;
				GCC_DYNAMIC_NO_PIC = NO;
				GCC_NO_COMMON_BLOCKS = YES;
				GCC_OPTIMIZATION_LEVEL = 0;
				GCC_PREPROCESSOR_DEFINITIONS = (
					"DEBUG=1",
					"$(inherited)",
				);
				GCC_WARN_64_TO_32_BIT_CONVERSION = YES;
				GCC_WARN_ABOUT_RETURN_TYPE = YES_ERROR;
				GCC_WARN_UNDECLARED_SELECTOR = YES;
				GCC_WARN_UNINITIALIZED_AUTOS = YES_AGGRESSIVE;
				GCC_WARN_UNUSED_FUNCTION = YES;
				GCC_WARN_UNUSED_VARIABLE = YES;
				IPHONEOS_DEPLOYMENT_TARGET = 15.2;
				MTL_ENABLE_DEBUG_INFO = INCLUDE_SOURCE;
				MTL_FAST_MATH = YES;
				ONLY_ACTIVE_ARCH = YES;
				SDKROOT = iphoneos;
				SWIFT_ACTIVE_COMPILATION_CONDITIONS = DEBUG;
				SWIFT_OPTIMIZATION_LEVEL = "-Onone";
			};
			name = Debug;
		};
		030726A827C52612005BBC57 /* Release */ = {
			isa = XCBuildConfiguration;
			buildSettings = {
				ALWAYS_SEARCH_USER_PATHS = NO;
				CLANG_ANALYZER_NONNULL = YES;
				CLANG_ANALYZER_NUMBER_OBJECT_CONVERSION = YES_AGGRESSIVE;
				CLANG_CXX_LANGUAGE_STANDARD = "gnu++17";
				CLANG_CXX_LIBRARY = "libc++";
				CLANG_ENABLE_MODULES = YES;
				CLANG_ENABLE_OBJC_ARC = YES;
				CLANG_ENABLE_OBJC_WEAK = YES;
				CLANG_WARN_BLOCK_CAPTURE_AUTORELEASING = YES;
				CLANG_WARN_BOOL_CONVERSION = YES;
				CLANG_WARN_COMMA = YES;
				CLANG_WARN_CONSTANT_CONVERSION = YES;
				CLANG_WARN_DEPRECATED_OBJC_IMPLEMENTATIONS = YES;
				CLANG_WARN_DIRECT_OBJC_ISA_USAGE = YES_ERROR;
				CLANG_WARN_DOCUMENTATION_COMMENTS = YES;
				CLANG_WARN_EMPTY_BODY = YES;
				CLANG_WARN_ENUM_CONVERSION = YES;
				CLANG_WARN_INFINITE_RECURSION = YES;
				CLANG_WARN_INT_CONVERSION = YES;
				CLANG_WARN_NON_LITERAL_NULL_CONVERSION = YES;
				CLANG_WARN_OBJC_IMPLICIT_RETAIN_SELF = YES;
				CLANG_WARN_OBJC_LITERAL_CONVERSION = YES;
				CLANG_WARN_OBJC_ROOT_CLASS = YES_ERROR;
				CLANG_WARN_QUOTED_INCLUDE_IN_FRAMEWORK_HEADER = YES;
				CLANG_WARN_RANGE_LOOP_ANALYSIS = YES;
				CLANG_WARN_STRICT_PROTOTYPES = YES;
				CLANG_WARN_SUSPICIOUS_MOVE = YES;
				CLANG_WARN_UNGUARDED_AVAILABILITY = YES_AGGRESSIVE;
				CLANG_WARN_UNREACHABLE_CODE = YES;
				CLANG_WARN__DUPLICATE_METHOD_MATCH = YES;
				COPY_PHASE_STRIP = NO;
				DEBUG_INFORMATION_FORMAT = "dwarf-with-dsym";
				ENABLE_NS_ASSERTIONS = NO;
				ENABLE_STRICT_OBJC_MSGSEND = YES;
				GCC_C_LANGUAGE_STANDARD = gnu11;
				GCC_NO_COMMON_BLOCKS = YES;
				GCC_WARN_64_TO_32_BIT_CONVERSION = YES;
				GCC_WARN_ABOUT_RETURN_TYPE = YES_ERROR;
				GCC_WARN_UNDECLARED_SELECTOR = YES;
				GCC_WARN_UNINITIALIZED_AUTOS = YES_AGGRESSIVE;
				GCC_WARN_UNUSED_FUNCTION = YES;
				GCC_WARN_UNUSED_VARIABLE = YES;
				IPHONEOS_DEPLOYMENT_TARGET = 15.2;
				MTL_ENABLE_DEBUG_INFO = NO;
				MTL_FAST_MATH = YES;
				SDKROOT = iphoneos;
				SWIFT_COMPILATION_MODE = wholemodule;
				SWIFT_OPTIMIZATION_LEVEL = "-O";
				VALIDATE_PRODUCT = YES;
			};
			name = Release;
		};
		030726AA27C52612005BBC57 /* Debug */ = {
			isa = XCBuildConfiguration;
			buildSettings = {
				ASSETCATALOG_COMPILER_APPICON_NAME = AppIcon;
				ASSETCATALOG_COMPILER_GLOBAL_ACCENT_COLOR_NAME = AccentColor;
				CODE_SIGN_STYLE = Automatic;
				CURRENT_PROJECT_VERSION = 1;
				DEVELOPMENT_TEAM = 25L3A26A2A;
				FRAMEWORK_SEARCH_PATHS = (
					"$(inherited)",
					"$(PROJECT_DIR)/ARTask",
				);
				GENERATE_INFOPLIST_FILE = YES;
				INFOPLIST_FILE = ARTask/Info.plist;
				INFOPLIST_KEY_UIApplicationSupportsIndirectInputEvents = YES;
				INFOPLIST_KEY_UILaunchStoryboardName = LaunchScreen;
				INFOPLIST_KEY_UIMainStoryboardFile = Main;
				INFOPLIST_KEY_UISupportedInterfaceOrientations_iPad = "UIInterfaceOrientationPortrait UIInterfaceOrientationPortraitUpsideDown UIInterfaceOrientationLandscapeLeft UIInterfaceOrientationLandscapeRight";
				INFOPLIST_KEY_UISupportedInterfaceOrientations_iPhone = "UIInterfaceOrientationPortrait UIInterfaceOrientationLandscapeLeft UIInterfaceOrientationLandscapeRight";
				INFOPLIST_KEY_UIUserInterfaceStyle = Light;
				IPHONEOS_DEPLOYMENT_TARGET = 15.0;
				LD_RUNPATH_SEARCH_PATHS = (
					"$(inherited)",
					"@executable_path/Frameworks",
				);
				MARKETING_VERSION = 1.0;
				PRODUCT_BUNDLE_IDENTIFIER = com.lazovstef.ARTask1;
				PRODUCT_NAME = "$(TARGET_NAME)";
				SWIFT_EMIT_LOC_STRINGS = YES;
				SWIFT_VERSION = 5.0;
				TARGETED_DEVICE_FAMILY = "1,2";
			};
			name = Debug;
		};
		030726AB27C52612005BBC57 /* Release */ = {
			isa = XCBuildConfiguration;
			buildSettings = {
				ASSETCATALOG_COMPILER_APPICON_NAME = AppIcon;
				ASSETCATALOG_COMPILER_GLOBAL_ACCENT_COLOR_NAME = AccentColor;
				CODE_SIGN_STYLE = Automatic;
				CURRENT_PROJECT_VERSION = 1;
				DEVELOPMENT_TEAM = 25L3A26A2A;
				FRAMEWORK_SEARCH_PATHS = (
					"$(inherited)",
					"$(PROJECT_DIR)/ARTask",
				);
				GENERATE_INFOPLIST_FILE = YES;
				INFOPLIST_FILE = ARTask/Info.plist;
				INFOPLIST_KEY_UIApplicationSupportsIndirectInputEvents = YES;
				INFOPLIST_KEY_UILaunchStoryboardName = LaunchScreen;
				INFOPLIST_KEY_UIMainStoryboardFile = Main;
				INFOPLIST_KEY_UISupportedInterfaceOrientations_iPad = "UIInterfaceOrientationPortrait UIInterfaceOrientationPortraitUpsideDown UIInterfaceOrientationLandscapeLeft UIInterfaceOrientationLandscapeRight";
				INFOPLIST_KEY_UISupportedInterfaceOrientations_iPhone = "UIInterfaceOrientationPortrait UIInterfaceOrientationLandscapeLeft UIInterfaceOrientationLandscapeRight";
				INFOPLIST_KEY_UIUserInterfaceStyle = Light;
				IPHONEOS_DEPLOYMENT_TARGET = 15.0;
				LD_RUNPATH_SEARCH_PATHS = (
					"$(inherited)",
					"@executable_path/Frameworks",
				);
				MARKETING_VERSION = 1.0;
				PRODUCT_BUNDLE_IDENTIFIER = com.lazovstef.ARTask1;
				PRODUCT_NAME = "$(TARGET_NAME)";
				SWIFT_EMIT_LOC_STRINGS = YES;
				SWIFT_VERSION = 5.0;
				TARGETED_DEVICE_FAMILY = "1,2";
			};
			name = Release;
		};
/* End XCBuildConfiguration section */

/* Begin XCConfigurationList section */
		0307269027C52610005BBC57 /* Build configuration list for PBXProject "ARTask" */ = {
			isa = XCConfigurationList;
			buildConfigurations = (
				030726A727C52612005BBC57 /* Debug */,
				030726A827C52612005BBC57 /* Release */,
			);
			defaultConfigurationIsVisible = 0;
			defaultConfigurationName = Release;
		};
		030726A927C52612005BBC57 /* Build configuration list for PBXNativeTarget "ARTask" */ = {
			isa = XCConfigurationList;
			buildConfigurations = (
				030726AA27C52612005BBC57 /* Debug */,
				030726AB27C52612005BBC57 /* Release */,
			);
			defaultConfigurationIsVisible = 0;
			defaultConfigurationName = Release;
		};
/* End XCConfigurationList section */
	};
	rootObject = 0307268D27C52610005BBC57 /* Project object */;
}
